
Microsoft Visual Studio Solution File, Format Version 12.00
# Visual Studio Version 17
VisualStudioVersion = 17.5.33516.290
MinimumVisualStudioVersion = 10.0.40219.1
Project("{8BC9CEB8-8B4A-11D0-8D11-00A0C91BC942}") = "1. Hello World", "1. Hello World\1. Hello World.vcxproj", "{87DC86D4-E5EE-4BBC-8A85-8C9E4A1F6957}"
EndProject
Project("{8BC9CEB8-8B4A-11D0-8D11-00A0C91BC942}") = "2. Sum", "2. Sum\2. Sum.vcxproj", "{74EBD2D4-9CD2-445D-9592-C8104EAE720C}"
EndProject
Project("{8BC9CEB8-8B4A-11D0-8D11-00A0C91BC942}") = "3. Data Race", "3. Data Race\3. Data Race.vcxproj", "{CA7CBFD1-EAC1-4424-96CA-5BD7980F07A9}"
EndProject
Project("{8BC9CEB8-8B4A-11D0-8D11-00A0C91BC942}") = "4. Peterson", "4. Peterson\4. Peterson.vcxproj", "{81E733FB-2B57-4899-9F47-0E39CAB1E3F3}"
EndProject
Project("{8BC9CEB8-8B4A-11D0-8D11-00A0C91BC942}") = "5. Out of Order Execution", "5. Out of Order Execution\5. Out of Order Execution.vcxproj", "{B65D5889-689E-4879-A67A-C6BCF3E6B961}"
EndProject
Project("{8BC9CEB8-8B4A-11D0-8D11-00A0C91BC942}") = "6. Cache Line Size Boundary", "6. Cache Line Size Boundary\6. Cache Line Size Boundary.vcxproj", "{EB3DF398-F3D0-4053-8828-0A3ECEC5D790}"
EndProject
Project("{8BC9CEB8-8B4A-11D0-8D11-00A0C91BC942}") = "7. Peterson with Atomic", "7. Peterson with Atomic\7. Peterson with Atomic.vcxproj", "{A1A62675-5AAD-4792-8758-111F65705D9E}"
EndProject
Project("{8BC9CEB8-8B4A-11D0-8D11-00A0C91BC942}") = "8. Lock", "8. Lock\8. Lock.vcxproj", "{27650E3D-4CAA-44F9-830E-639E94344F33}"
EndProject
Project("{8BC9CEB8-8B4A-11D0-8D11-00A0C91BC942}") = "9. List - Coarse-Grained Synchronization", "9. List - Coarse-Grained Synchronization\9. List - Coarse-Grained Synchronization.vcxproj", "{52250C85-AE04-4A8A-AE02-AF8ED6D9E543}"
EndProject
Project("{8BC9CEB8-8B4A-11D0-8D11-00A0C91BC942}") = "10. List - Fine-Grained Synchronization", "10. List - Fine-Grained Synchronization\10. List - Fine-Grained Synchronization.vcxproj", "{7CE8C896-F893-4915-876C-0A342C868FDA}"
EndProject
Project("{8BC9CEB8-8B4A-11D0-8D11-00A0C91BC942}") = "11. List - Optimistic Synchronization", "11. List - Optimistic Synchronization\11. List - Optimistic Synchronization.vcxproj", "{D63A83B5-71F4-42E3-A8B5-8E543FF68FBA}"
EndProject
Project("{8BC9CEB8-8B4A-11D0-8D11-00A0C91BC942}") = "12. List - Lazy Synchronization", "12. List - Lazy Synchronization\12. List - Lazy Synchronization.vcxproj", "{AC081470-2705-47B9-B4D5-E1BE9CB11B5D}"
EndProject
Project("{8BC9CEB8-8B4A-11D0-8D11-00A0C91BC942}") = "13. List - Lazy Synchronization with shared_ptr", "13. List - Lazy Synchronization with shared_ptr\13. List - Lazy Synchronization with shared_ptr.vcxproj", "{DE480535-C64C-4A91-9B0C-2190D4FEC3B4}"
EndProject
Project("{8BC9CEB8-8B4A-11D0-8D11-00A0C91BC942}") = "14. List - Nonblocking Synchronization", "14. List - Nonblocking Synchronization\14. List - Nonblocking Synchronization.vcxproj", "{217CDEFD-44DB-4607-AFC4-11279537A6A2}"
EndProject
Project("{8BC9CEB8-8B4A-11D0-8D11-00A0C91BC942}") = "17 - Queue - Coarse-Grained Synchronization", "17 - Queue - Coarse-Grained Synchronization\17 - Queue - Coarse-Grained Synchronization.vcxproj", "{1E24EEE0-4BDE-4657-8C99-9FE1CFF9D2E5}"
EndProject
Project("{8BC9CEB8-8B4A-11D0-8D11-00A0C91BC942}") = "15 - Lock-Free Universal Set", "15 - Lock-Free Universal Set\15 - Lock-Free Universal Set.vcxproj", "{F84C5C1E-F895-4FEB-A19E-9D3B308FA8AF}"
EndProject
Project("{8BC9CEB8-8B4A-11D0-8D11-00A0C91BC942}") = "16 - Wait-Free Universal Set", "16 - Wait-Free Universal Set\16 - Wait-Free Universal Set.vcxproj", "{FB6AD584-8CD1-4D7D-BE23-108A214CF4C9}"
EndProject
Project("{8BC9CEB8-8B4A-11D0-8D11-00A0C91BC942}") = "18 - Queue - Lock-Free", "18 - Queue - Lock-Free\18 - Queue - Lock-Free.vcxproj", "{D45FFFA7-8BDE-4440-ADD2-D5A86A460CFF}"
EndProject
Project("{8BC9CEB8-8B4A-11D0-8D11-00A0C91BC942}") = "19 - Queue - Lock-Free Stamp", "19 - Queue - Lock-Free Stamp\19 - Queue - Lock-Free Stamp.vcxproj", "{7B48DB8E-A191-42F8-924E-5764F6543BC6}"
EndProject
Project("{8BC9CEB8-8B4A-11D0-8D11-00A0C91BC942}") = "20 - Stack - Coarse-Grained Synchronization", "20 - Stack - Coarse-Grained Synchronization\20 - Stack - Coarse-Grained Synchronization.vcxproj", "{F134813B-65ED-4CC5-86C8-D3CF7CC1C6ED}"
EndProject
Project("{8BC9CEB8-8B4A-11D0-8D11-00A0C91BC942}") = "21 - Stack - Lock-Free", "21 - Stack - Lock-Free\21 - Stack - Lock-Free.vcxproj", "{2F814FBF-34F5-4A88-A818-492ADEC47408}"
EndProject
Project("{8BC9CEB8-8B4A-11D0-8D11-00A0C91BC942}") = "23. Stack - Lock-Free Elimination BackOff", "23. Stack - Lock-Free Elimination BackOff\23. Stack - Lock-Free Elimination BackOff.vcxproj", "{EAA0FC49-F21B-4834-8860-5F2B7C31E55B}"
EndProject
Project("{8BC9CEB8-8B4A-11D0-8D11-00A0C91BC942}") = "22. Stack - Lock-Free BackOff", "22. Stack - Lock-Free BackOff\22. Stack - Lock-Free BackOff.vcxproj", "{EF8CD260-4E30-40AB-B538-83DA531EFC15}"
EndProject
Project("{8BC9CEB8-8B4A-11D0-8D11-00A0C91BC942}") = "24. SkipList - Coarse-Grained Synchronization", "24. SkipList - Coarse-Grained Synchronization\24. SkipList - Coarse-Grained Synchronization.vcxproj", "{11F29535-00BC-412A-886C-3CB00B744CA0}"
EndProject
Project("{8BC9CEB8-8B4A-11D0-8D11-00A0C91BC942}") = "25. SkipList - Lazy Synchronization", "25. SkipList - Lazy Synchronization\25. SkipList - Lazy Synchronization.vcxproj", "{B0FDAFD1-9ED5-46A4-9E73-248E61874E69}"
EndProject
Project("{8BC9CEB8-8B4A-11D0-8D11-00A0C91BC942}") = "26. SkipList - Lock-Free", "26. SkipList - Lock-Free\26. SkipList - Lock-Free.vcxproj", "{983B426F-2FBE-4758-816D-BF1232404687}"
EndProject
Project("{8BC9CEB8-8B4A-11D0-8D11-00A0C91BC942}") = "27. OpenMP", "27. OpenMP\27. OpenMP.vcxproj", "{EB630CCB-7310-4CB5-8312-33213E4BF3DB}"
EndProject
Project("{8BC9CEB8-8B4A-11D0-8D11-00A0C91BC942}") = "28. TBB", "28. TBB\28. TBB.vcxproj", "{B9B3F160-86C4-4BD3-A8D1-A2A1B7139D42}"
EndProject
Project("{8BC9CEB8-8B4A-11D0-8D11-00A0C91BC942}") = "29. Concurrent", "29. Concurrent\29. Concurrent.vcxproj", "{9E8F76A3-87BC-42FA-B72D-01F310CFA1A0}"
EndProject
Global
	GlobalSection(SolutionConfigurationPlatforms) = preSolution
		Debug|x64 = Debug|x64
		Debug|x86 = Debug|x86
		Release|x64 = Release|x64
		Release|x86 = Release|x86
	EndGlobalSection
	GlobalSection(ProjectConfigurationPlatforms) = postSolution
		{87DC86D4-E5EE-4BBC-8A85-8C9E4A1F6957}.Debug|x64.ActiveCfg = Debug|x64
		{87DC86D4-E5EE-4BBC-8A85-8C9E4A1F6957}.Debug|x64.Build.0 = Debug|x64
		{87DC86D4-E5EE-4BBC-8A85-8C9E4A1F6957}.Debug|x86.ActiveCfg = Debug|Win32
		{87DC86D4-E5EE-4BBC-8A85-8C9E4A1F6957}.Debug|x86.Build.0 = Debug|Win32
		{87DC86D4-E5EE-4BBC-8A85-8C9E4A1F6957}.Release|x64.ActiveCfg = Release|x64
		{87DC86D4-E5EE-4BBC-8A85-8C9E4A1F6957}.Release|x64.Build.0 = Release|x64
		{87DC86D4-E5EE-4BBC-8A85-8C9E4A1F6957}.Release|x86.ActiveCfg = Release|Win32
		{87DC86D4-E5EE-4BBC-8A85-8C9E4A1F6957}.Release|x86.Build.0 = Release|Win32
		{74EBD2D4-9CD2-445D-9592-C8104EAE720C}.Debug|x64.ActiveCfg = Debug|x64
		{74EBD2D4-9CD2-445D-9592-C8104EAE720C}.Debug|x64.Build.0 = Debug|x64
		{74EBD2D4-9CD2-445D-9592-C8104EAE720C}.Debug|x86.ActiveCfg = Debug|Win32
		{74EBD2D4-9CD2-445D-9592-C8104EAE720C}.Debug|x86.Build.0 = Debug|Win32
		{74EBD2D4-9CD2-445D-9592-C8104EAE720C}.Release|x64.ActiveCfg = Release|x64
		{74EBD2D4-9CD2-445D-9592-C8104EAE720C}.Release|x64.Build.0 = Release|x64
		{74EBD2D4-9CD2-445D-9592-C8104EAE720C}.Release|x86.ActiveCfg = Release|Win32
		{74EBD2D4-9CD2-445D-9592-C8104EAE720C}.Release|x86.Build.0 = Release|Win32
		{CA7CBFD1-EAC1-4424-96CA-5BD7980F07A9}.Debug|x64.ActiveCfg = Debug|x64
		{CA7CBFD1-EAC1-4424-96CA-5BD7980F07A9}.Debug|x64.Build.0 = Debug|x64
		{CA7CBFD1-EAC1-4424-96CA-5BD7980F07A9}.Debug|x86.ActiveCfg = Debug|Win32
		{CA7CBFD1-EAC1-4424-96CA-5BD7980F07A9}.Debug|x86.Build.0 = Debug|Win32
		{CA7CBFD1-EAC1-4424-96CA-5BD7980F07A9}.Release|x64.ActiveCfg = Release|x64
		{CA7CBFD1-EAC1-4424-96CA-5BD7980F07A9}.Release|x64.Build.0 = Release|x64
		{CA7CBFD1-EAC1-4424-96CA-5BD7980F07A9}.Release|x86.ActiveCfg = Release|Win32
		{CA7CBFD1-EAC1-4424-96CA-5BD7980F07A9}.Release|x86.Build.0 = Release|Win32
		{81E733FB-2B57-4899-9F47-0E39CAB1E3F3}.Debug|x64.ActiveCfg = Debug|x64
		{81E733FB-2B57-4899-9F47-0E39CAB1E3F3}.Debug|x64.Build.0 = Debug|x64
		{81E733FB-2B57-4899-9F47-0E39CAB1E3F3}.Debug|x86.ActiveCfg = Debug|Win32
		{81E733FB-2B57-4899-9F47-0E39CAB1E3F3}.Debug|x86.Build.0 = Debug|Win32
		{81E733FB-2B57-4899-9F47-0E39CAB1E3F3}.Release|x64.ActiveCfg = Release|x64
		{81E733FB-2B57-4899-9F47-0E39CAB1E3F3}.Release|x64.Build.0 = Release|x64
		{81E733FB-2B57-4899-9F47-0E39CAB1E3F3}.Release|x86.ActiveCfg = Release|Win32
		{81E733FB-2B57-4899-9F47-0E39CAB1E3F3}.Release|x86.Build.0 = Release|Win32
		{B65D5889-689E-4879-A67A-C6BCF3E6B961}.Debug|x64.ActiveCfg = Debug|x64
		{B65D5889-689E-4879-A67A-C6BCF3E6B961}.Debug|x64.Build.0 = Debug|x64
		{B65D5889-689E-4879-A67A-C6BCF3E6B961}.Debug|x86.ActiveCfg = Debug|Win32
		{B65D5889-689E-4879-A67A-C6BCF3E6B961}.Debug|x86.Build.0 = Debug|Win32
		{B65D5889-689E-4879-A67A-C6BCF3E6B961}.Release|x64.ActiveCfg = Release|x64
		{B65D5889-689E-4879-A67A-C6BCF3E6B961}.Release|x64.Build.0 = Release|x64
		{B65D5889-689E-4879-A67A-C6BCF3E6B961}.Release|x86.ActiveCfg = Release|Win32
		{B65D5889-689E-4879-A67A-C6BCF3E6B961}.Release|x86.Build.0 = Release|Win32
		{EB3DF398-F3D0-4053-8828-0A3ECEC5D790}.Debug|x64.ActiveCfg = Debug|x64
		{EB3DF398-F3D0-4053-8828-0A3ECEC5D790}.Debug|x64.Build.0 = Debug|x64
		{EB3DF398-F3D0-4053-8828-0A3ECEC5D790}.Debug|x86.ActiveCfg = Debug|Win32
		{EB3DF398-F3D0-4053-8828-0A3ECEC5D790}.Debug|x86.Build.0 = Debug|Win32
		{EB3DF398-F3D0-4053-8828-0A3ECEC5D790}.Release|x64.ActiveCfg = Release|x64
		{EB3DF398-F3D0-4053-8828-0A3ECEC5D790}.Release|x64.Build.0 = Release|x64
		{EB3DF398-F3D0-4053-8828-0A3ECEC5D790}.Release|x86.ActiveCfg = Release|Win32
		{EB3DF398-F3D0-4053-8828-0A3ECEC5D790}.Release|x86.Build.0 = Release|Win32
		{A1A62675-5AAD-4792-8758-111F65705D9E}.Debug|x64.ActiveCfg = Debug|x64
		{A1A62675-5AAD-4792-8758-111F65705D9E}.Debug|x64.Build.0 = Debug|x64
		{A1A62675-5AAD-4792-8758-111F65705D9E}.Debug|x86.ActiveCfg = Debug|Win32
		{A1A62675-5AAD-4792-8758-111F65705D9E}.Debug|x86.Build.0 = Debug|Win32
		{A1A62675-5AAD-4792-8758-111F65705D9E}.Release|x64.ActiveCfg = Release|x64
		{A1A62675-5AAD-4792-8758-111F65705D9E}.Release|x64.Build.0 = Release|x64
		{A1A62675-5AAD-4792-8758-111F65705D9E}.Release|x86.ActiveCfg = Release|Win32
		{A1A62675-5AAD-4792-8758-111F65705D9E}.Release|x86.Build.0 = Release|Win32
		{27650E3D-4CAA-44F9-830E-639E94344F33}.Debug|x64.ActiveCfg = Debug|x64
		{27650E3D-4CAA-44F9-830E-639E94344F33}.Debug|x64.Build.0 = Debug|x64
		{27650E3D-4CAA-44F9-830E-639E94344F33}.Debug|x86.ActiveCfg = Debug|Win32
		{27650E3D-4CAA-44F9-830E-639E94344F33}.Debug|x86.Build.0 = Debug|Win32
		{27650E3D-4CAA-44F9-830E-639E94344F33}.Release|x64.ActiveCfg = Release|x64
		{27650E3D-4CAA-44F9-830E-639E94344F33}.Release|x64.Build.0 = Release|x64
		{27650E3D-4CAA-44F9-830E-639E94344F33}.Release|x86.ActiveCfg = Release|Win32
		{27650E3D-4CAA-44F9-830E-639E94344F33}.Release|x86.Build.0 = Release|Win32
		{52250C85-AE04-4A8A-AE02-AF8ED6D9E543}.Debug|x64.ActiveCfg = Debug|x64
		{52250C85-AE04-4A8A-AE02-AF8ED6D9E543}.Debug|x64.Build.0 = Debug|x64
		{52250C85-AE04-4A8A-AE02-AF8ED6D9E543}.Debug|x86.ActiveCfg = Debug|Win32
		{52250C85-AE04-4A8A-AE02-AF8ED6D9E543}.Debug|x86.Build.0 = Debug|Win32
		{52250C85-AE04-4A8A-AE02-AF8ED6D9E543}.Release|x64.ActiveCfg = Release|x64
		{52250C85-AE04-4A8A-AE02-AF8ED6D9E543}.Release|x64.Build.0 = Release|x64
		{52250C85-AE04-4A8A-AE02-AF8ED6D9E543}.Release|x86.ActiveCfg = Release|Win32
		{52250C85-AE04-4A8A-AE02-AF8ED6D9E543}.Release|x86.Build.0 = Release|Win32
		{7CE8C896-F893-4915-876C-0A342C868FDA}.Debug|x64.ActiveCfg = Debug|x64
		{7CE8C896-F893-4915-876C-0A342C868FDA}.Debug|x64.Build.0 = Debug|x64
		{7CE8C896-F893-4915-876C-0A342C868FDA}.Debug|x86.ActiveCfg = Debug|Win32
		{7CE8C896-F893-4915-876C-0A342C868FDA}.Debug|x86.Build.0 = Debug|Win32
		{7CE8C896-F893-4915-876C-0A342C868FDA}.Release|x64.ActiveCfg = Release|x64
		{7CE8C896-F893-4915-876C-0A342C868FDA}.Release|x64.Build.0 = Release|x64
		{7CE8C896-F893-4915-876C-0A342C868FDA}.Release|x86.ActiveCfg = Release|Win32
		{7CE8C896-F893-4915-876C-0A342C868FDA}.Release|x86.Build.0 = Release|Win32
		{D63A83B5-71F4-42E3-A8B5-8E543FF68FBA}.Debug|x64.ActiveCfg = Debug|x64
		{D63A83B5-71F4-42E3-A8B5-8E543FF68FBA}.Debug|x64.Build.0 = Debug|x64
		{D63A83B5-71F4-42E3-A8B5-8E543FF68FBA}.Debug|x86.ActiveCfg = Debug|Win32
		{D63A83B5-71F4-42E3-A8B5-8E543FF68FBA}.Debug|x86.Build.0 = Debug|Win32
		{D63A83B5-71F4-42E3-A8B5-8E543FF68FBA}.Release|x64.ActiveCfg = Release|x64
		{D63A83B5-71F4-42E3-A8B5-8E543FF68FBA}.Release|x64.Build.0 = Release|x64
		{D63A83B5-71F4-42E3-A8B5-8E543FF68FBA}.Release|x86.ActiveCfg = Release|Win32
		{D63A83B5-71F4-42E3-A8B5-8E543FF68FBA}.Release|x86.Build.0 = Release|Win32
		{AC081470-2705-47B9-B4D5-E1BE9CB11B5D}.Debug|x64.ActiveCfg = Debug|x64
		{AC081470-2705-47B9-B4D5-E1BE9CB11B5D}.Debug|x64.Build.0 = Debug|x64
		{AC081470-2705-47B9-B4D5-E1BE9CB11B5D}.Debug|x86.ActiveCfg = Debug|Win32
		{AC081470-2705-47B9-B4D5-E1BE9CB11B5D}.Debug|x86.Build.0 = Debug|Win32
		{AC081470-2705-47B9-B4D5-E1BE9CB11B5D}.Release|x64.ActiveCfg = Release|x64
		{AC081470-2705-47B9-B4D5-E1BE9CB11B5D}.Release|x64.Build.0 = Release|x64
		{AC081470-2705-47B9-B4D5-E1BE9CB11B5D}.Release|x86.ActiveCfg = Release|Win32
		{AC081470-2705-47B9-B4D5-E1BE9CB11B5D}.Release|x86.Build.0 = Release|Win32
		{DE480535-C64C-4A91-9B0C-2190D4FEC3B4}.Debug|x64.ActiveCfg = Debug|x64
		{DE480535-C64C-4A91-9B0C-2190D4FEC3B4}.Debug|x64.Build.0 = Debug|x64
		{DE480535-C64C-4A91-9B0C-2190D4FEC3B4}.Debug|x86.ActiveCfg = Debug|Win32
		{DE480535-C64C-4A91-9B0C-2190D4FEC3B4}.Debug|x86.Build.0 = Debug|Win32
		{DE480535-C64C-4A91-9B0C-2190D4FEC3B4}.Release|x64.ActiveCfg = Release|x64
		{DE480535-C64C-4A91-9B0C-2190D4FEC3B4}.Release|x64.Build.0 = Release|x64
		{DE480535-C64C-4A91-9B0C-2190D4FEC3B4}.Release|x86.ActiveCfg = Release|Win32
		{DE480535-C64C-4A91-9B0C-2190D4FEC3B4}.Release|x86.Build.0 = Release|Win32
		{217CDEFD-44DB-4607-AFC4-11279537A6A2}.Debug|x64.ActiveCfg = Debug|x64
		{217CDEFD-44DB-4607-AFC4-11279537A6A2}.Debug|x64.Build.0 = Debug|x64
		{217CDEFD-44DB-4607-AFC4-11279537A6A2}.Debug|x86.ActiveCfg = Debug|Win32
		{217CDEFD-44DB-4607-AFC4-11279537A6A2}.Debug|x86.Build.0 = Debug|Win32
		{217CDEFD-44DB-4607-AFC4-11279537A6A2}.Release|x64.ActiveCfg = Release|x64
		{217CDEFD-44DB-4607-AFC4-11279537A6A2}.Release|x64.Build.0 = Release|x64
		{217CDEFD-44DB-4607-AFC4-11279537A6A2}.Release|x86.ActiveCfg = Release|Win32
		{217CDEFD-44DB-4607-AFC4-11279537A6A2}.Release|x86.Build.0 = Release|Win32
		{1E24EEE0-4BDE-4657-8C99-9FE1CFF9D2E5}.Debug|x64.ActiveCfg = Debug|x64
		{1E24EEE0-4BDE-4657-8C99-9FE1CFF9D2E5}.Debug|x64.Build.0 = Debug|x64
		{1E24EEE0-4BDE-4657-8C99-9FE1CFF9D2E5}.Debug|x86.ActiveCfg = Debug|Win32
		{1E24EEE0-4BDE-4657-8C99-9FE1CFF9D2E5}.Debug|x86.Build.0 = Debug|Win32
		{1E24EEE0-4BDE-4657-8C99-9FE1CFF9D2E5}.Release|x64.ActiveCfg = Release|x64
		{1E24EEE0-4BDE-4657-8C99-9FE1CFF9D2E5}.Release|x64.Build.0 = Release|x64
		{1E24EEE0-4BDE-4657-8C99-9FE1CFF9D2E5}.Release|x86.ActiveCfg = Release|Win32
		{1E24EEE0-4BDE-4657-8C99-9FE1CFF9D2E5}.Release|x86.Build.0 = Release|Win32
		{F84C5C1E-F895-4FEB-A19E-9D3B308FA8AF}.Debug|x64.ActiveCfg = Debug|x64
		{F84C5C1E-F895-4FEB-A19E-9D3B308FA8AF}.Debug|x64.Build.0 = Debug|x64
		{F84C5C1E-F895-4FEB-A19E-9D3B308FA8AF}.Debug|x86.ActiveCfg = Debug|Win32
		{F84C5C1E-F895-4FEB-A19E-9D3B308FA8AF}.Debug|x86.Build.0 = Debug|Win32
		{F84C5C1E-F895-4FEB-A19E-9D3B308FA8AF}.Release|x64.ActiveCfg = Release|x64
		{F84C5C1E-F895-4FEB-A19E-9D3B308FA8AF}.Release|x64.Build.0 = Release|x64
		{F84C5C1E-F895-4FEB-A19E-9D3B308FA8AF}.Release|x86.ActiveCfg = Release|Win32
		{F84C5C1E-F895-4FEB-A19E-9D3B308FA8AF}.Release|x86.Build.0 = Release|Win32
		{FB6AD584-8CD1-4D7D-BE23-108A214CF4C9}.Debug|x64.ActiveCfg = Debug|x64
		{FB6AD584-8CD1-4D7D-BE23-108A214CF4C9}.Debug|x64.Build.0 = Debug|x64
		{FB6AD584-8CD1-4D7D-BE23-108A214CF4C9}.Debug|x86.ActiveCfg = Debug|Win32
		{FB6AD584-8CD1-4D7D-BE23-108A214CF4C9}.Debug|x86.Build.0 = Debug|Win32
		{FB6AD584-8CD1-4D7D-BE23-108A214CF4C9}.Release|x64.ActiveCfg = Release|x64
		{FB6AD584-8CD1-4D7D-BE23-108A214CF4C9}.Release|x64.Build.0 = Release|x64
		{FB6AD584-8CD1-4D7D-BE23-108A214CF4C9}.Release|x86.ActiveCfg = Release|Win32
		{FB6AD584-8CD1-4D7D-BE23-108A214CF4C9}.Release|x86.Build.0 = Release|Win32
		{D45FFFA7-8BDE-4440-ADD2-D5A86A460CFF}.Debug|x64.ActiveCfg = Debug|x64
		{D45FFFA7-8BDE-4440-ADD2-D5A86A460CFF}.Debug|x64.Build.0 = Debug|x64
		{D45FFFA7-8BDE-4440-ADD2-D5A86A460CFF}.Debug|x86.ActiveCfg = Debug|Win32
		{D45FFFA7-8BDE-4440-ADD2-D5A86A460CFF}.Debug|x86.Build.0 = Debug|Win32
		{D45FFFA7-8BDE-4440-ADD2-D5A86A460CFF}.Release|x64.ActiveCfg = Release|x64
		{D45FFFA7-8BDE-4440-ADD2-D5A86A460CFF}.Release|x64.Build.0 = Release|x64
		{D45FFFA7-8BDE-4440-ADD2-D5A86A460CFF}.Release|x86.ActiveCfg = Release|Win32
		{D45FFFA7-8BDE-4440-ADD2-D5A86A460CFF}.Release|x86.Build.0 = Release|Win32
		{7B48DB8E-A191-42F8-924E-5764F6543BC6}.Debug|x64.ActiveCfg = Debug|x64
		{7B48DB8E-A191-42F8-924E-5764F6543BC6}.Debug|x64.Build.0 = Debug|x64
		{7B48DB8E-A191-42F8-924E-5764F6543BC6}.Debug|x86.ActiveCfg = Debug|Win32
		{7B48DB8E-A191-42F8-924E-5764F6543BC6}.Debug|x86.Build.0 = Debug|Win32
		{7B48DB8E-A191-42F8-924E-5764F6543BC6}.Release|x64.ActiveCfg = Release|x64
		{7B48DB8E-A191-42F8-924E-5764F6543BC6}.Release|x64.Build.0 = Release|x64
		{7B48DB8E-A191-42F8-924E-5764F6543BC6}.Release|x86.ActiveCfg = Release|Win32
		{7B48DB8E-A191-42F8-924E-5764F6543BC6}.Release|x86.Build.0 = Release|Win32
		{F134813B-65ED-4CC5-86C8-D3CF7CC1C6ED}.Debug|x64.ActiveCfg = Debug|x64
		{F134813B-65ED-4CC5-86C8-D3CF7CC1C6ED}.Debug|x64.Build.0 = Debug|x64
		{F134813B-65ED-4CC5-86C8-D3CF7CC1C6ED}.Debug|x86.ActiveCfg = Debug|Win32
		{F134813B-65ED-4CC5-86C8-D3CF7CC1C6ED}.Debug|x86.Build.0 = Debug|Win32
		{F134813B-65ED-4CC5-86C8-D3CF7CC1C6ED}.Release|x64.ActiveCfg = Release|x64
		{F134813B-65ED-4CC5-86C8-D3CF7CC1C6ED}.Release|x64.Build.0 = Release|x64
		{F134813B-65ED-4CC5-86C8-D3CF7CC1C6ED}.Release|x86.ActiveCfg = Release|Win32
		{F134813B-65ED-4CC5-86C8-D3CF7CC1C6ED}.Release|x86.Build.0 = Release|Win32
		{2F814FBF-34F5-4A88-A818-492ADEC47408}.Debug|x64.ActiveCfg = Debug|x64
		{2F814FBF-34F5-4A88-A818-492ADEC47408}.Debug|x64.Build.0 = Debug|x64
		{2F814FBF-34F5-4A88-A818-492ADEC47408}.Debug|x86.ActiveCfg = Debug|Win32
		{2F814FBF-34F5-4A88-A818-492ADEC47408}.Debug|x86.Build.0 = Debug|Win32
		{2F814FBF-34F5-4A88-A818-492ADEC47408}.Release|x64.ActiveCfg = Release|x64
		{2F814FBF-34F5-4A88-A818-492ADEC47408}.Release|x64.Build.0 = Release|x64
		{2F814FBF-34F5-4A88-A818-492ADEC47408}.Release|x86.ActiveCfg = Release|Win32
		{2F814FBF-34F5-4A88-A818-492ADEC47408}.Release|x86.Build.0 = Release|Win32
		{EAA0FC49-F21B-4834-8860-5F2B7C31E55B}.Debug|x64.ActiveCfg = Debug|x64
		{EAA0FC49-F21B-4834-8860-5F2B7C31E55B}.Debug|x64.Build.0 = Debug|x64
		{EAA0FC49-F21B-4834-8860-5F2B7C31E55B}.Debug|x86.ActiveCfg = Debug|Win32
		{EAA0FC49-F21B-4834-8860-5F2B7C31E55B}.Debug|x86.Build.0 = Debug|Win32
		{EAA0FC49-F21B-4834-8860-5F2B7C31E55B}.Release|x64.ActiveCfg = Release|x64
		{EAA0FC49-F21B-4834-8860-5F2B7C31E55B}.Release|x64.Build.0 = Release|x64
		{EAA0FC49-F21B-4834-8860-5F2B7C31E55B}.Release|x86.ActiveCfg = Release|Win32
		{EAA0FC49-F21B-4834-8860-5F2B7C31E55B}.Release|x86.Build.0 = Release|Win32
		{EF8CD260-4E30-40AB-B538-83DA531EFC15}.Debug|x64.ActiveCfg = Debug|x64
		{EF8CD260-4E30-40AB-B538-83DA531EFC15}.Debug|x64.Build.0 = Debug|x64
		{EF8CD260-4E30-40AB-B538-83DA531EFC15}.Debug|x86.ActiveCfg = Debug|Win32
		{EF8CD260-4E30-40AB-B538-83DA531EFC15}.Debug|x86.Build.0 = Debug|Win32
		{EF8CD260-4E30-40AB-B538-83DA531EFC15}.Release|x64.ActiveCfg = Release|x64
		{EF8CD260-4E30-40AB-B538-83DA531EFC15}.Release|x64.Build.0 = Release|x64
		{EF8CD260-4E30-40AB-B538-83DA531EFC15}.Release|x86.ActiveCfg = Release|Win32
		{EF8CD260-4E30-40AB-B538-83DA531EFC15}.Release|x86.Build.0 = Release|Win32
		{11F29535-00BC-412A-886C-3CB00B744CA0}.Debug|x64.ActiveCfg = Debug|x64
		{11F29535-00BC-412A-886C-3CB00B744CA0}.Debug|x64.Build.0 = Debug|x64
		{11F29535-00BC-412A-886C-3CB00B744CA0}.Debug|x86.ActiveCfg = Debug|Win32
		{11F29535-00BC-412A-886C-3CB00B744CA0}.Debug|x86.Build.0 = Debug|Win32
		{11F29535-00BC-412A-886C-3CB00B744CA0}.Release|x64.ActiveCfg = Release|x64
		{11F29535-00BC-412A-886C-3CB00B744CA0}.Release|x64.Build.0 = Release|x64
		{11F29535-00BC-412A-886C-3CB00B744CA0}.Release|x86.ActiveCfg = Release|Win32
		{11F29535-00BC-412A-886C-3CB00B744CA0}.Release|x86.Build.0 = Release|Win32
		{B0FDAFD1-9ED5-46A4-9E73-248E61874E69}.Debug|x64.ActiveCfg = Debug|x64
		{B0FDAFD1-9ED5-46A4-9E73-248E61874E69}.Debug|x64.Build.0 = Debug|x64
		{B0FDAFD1-9ED5-46A4-9E73-248E61874E69}.Debug|x86.ActiveCfg = Debug|Win32
		{B0FDAFD1-9ED5-46A4-9E73-248E61874E69}.Debug|x86.Build.0 = Debug|Win32
		{B0FDAFD1-9ED5-46A4-9E73-248E61874E69}.Release|x64.ActiveCfg = Release|x64
		{B0FDAFD1-9ED5-46A4-9E73-248E61874E69}.Release|x64.Build.0 = Release|x64
		{B0FDAFD1-9ED5-46A4-9E73-248E61874E69}.Release|x86.ActiveCfg = Release|Win32
		{B0FDAFD1-9ED5-46A4-9E73-248E61874E69}.Release|x86.Build.0 = Release|Win32
		{983B426F-2FBE-4758-816D-BF1232404687}.Debug|x64.ActiveCfg = Debug|x64
		{983B426F-2FBE-4758-816D-BF1232404687}.Debug|x64.Build.0 = Debug|x64
		{983B426F-2FBE-4758-816D-BF1232404687}.Debug|x86.ActiveCfg = Debug|Win32
		{983B426F-2FBE-4758-816D-BF1232404687}.Debug|x86.Build.0 = Debug|Win32
		{983B426F-2FBE-4758-816D-BF1232404687}.Release|x64.ActiveCfg = Release|x64
		{983B426F-2FBE-4758-816D-BF1232404687}.Release|x64.Build.0 = Release|x64
		{983B426F-2FBE-4758-816D-BF1232404687}.Release|x86.ActiveCfg = Release|Win32
		{983B426F-2FBE-4758-816D-BF1232404687}.Release|x86.Build.0 = Release|Win32
		{EB630CCB-7310-4CB5-8312-33213E4BF3DB}.Debug|x64.ActiveCfg = Debug|x64
		{EB630CCB-7310-4CB5-8312-33213E4BF3DB}.Debug|x64.Build.0 = Debug|x64
		{EB630CCB-7310-4CB5-8312-33213E4BF3DB}.Debug|x86.ActiveCfg = Debug|Win32
		{EB630CCB-7310-4CB5-8312-33213E4BF3DB}.Debug|x86.Build.0 = Debug|Win32
		{EB630CCB-7310-4CB5-8312-33213E4BF3DB}.Release|x64.ActiveCfg = Release|x64
		{EB630CCB-7310-4CB5-8312-33213E4BF3DB}.Release|x64.Build.0 = Release|x64
		{EB630CCB-7310-4CB5-8312-33213E4BF3DB}.Release|x86.ActiveCfg = Release|Win32
		{EB630CCB-7310-4CB5-8312-33213E4BF3DB}.Release|x86.Build.0 = Release|Win32
		{B9B3F160-86C4-4BD3-A8D1-A2A1B7139D42}.Debug|x64.ActiveCfg = Debug|x64
		{B9B3F160-86C4-4BD3-A8D1-A2A1B7139D42}.Debug|x64.Build.0 = Debug|x64
		{B9B3F160-86C4-4BD3-A8D1-A2A1B7139D42}.Debug|x86.ActiveCfg = Debug|Win32
		{B9B3F160-86C4-4BD3-A8D1-A2A1B7139D42}.Debug|x86.Build.0 = Debug|Win32
		{B9B3F160-86C4-4BD3-A8D1-A2A1B7139D42}.Release|x64.ActiveCfg = Release|x64
		{B9B3F160-86C4-4BD3-A8D1-A2A1B7139D42}.Release|x64.Build.0 = Release|x64
		{B9B3F160-86C4-4BD3-A8D1-A2A1B7139D42}.Release|x86.ActiveCfg = Release|Win32
		{B9B3F160-86C4-4BD3-A8D1-A2A1B7139D42}.Release|x86.Build.0 = Release|Win32
		{9E8F76A3-87BC-42FA-B72D-01F310CFA1A0}.Debug|x64.ActiveCfg = Debug|x64
		{9E8F76A3-87BC-42FA-B72D-01F310CFA1A0}.Debug|x64.Build.0 = Debug|x64
		{9E8F76A3-87BC-42FA-B72D-01F310CFA1A0}.Debug|x86.ActiveCfg = Debug|Win32
		{9E8F76A3-87BC-42FA-B72D-01F310CFA1A0}.Debug|x86.Build.0 = Debug|Win32
		{9E8F76A3-87BC-42FA-B72D-01F310CFA1A0}.Release|x64.ActiveCfg = Release|x64
		{9E8F76A3-87BC-42FA-B72D-01F310CFA1A0}.Release|x64.Build.0 = Release|x64
		{9E8F76A3-87BC-42FA-B72D-01F310CFA1A0}.Release|x86.ActiveCfg = Release|Win32
		{9E8F76A3-87BC-42FA-B72D-01F310CFA1A0}.Release|x86.Build.0 = Release|Win32
	EndGlobalSection
	GlobalSection(SolutionProperties) = preSolution
		HideSolutionNode = FALSE
	EndGlobalSection
	GlobalSection(ExtensibilityGlobals) = postSolution
		SolutionGuid = {638DB5B8-A683-48CB-A8F9-F9A533F285E8}
	EndGlobalSection
EndGlobal
